// !$*UTF8*$!
{
	archiveVersion = 1;
	classes = {
	};
	objectVersion = 54;
	objects = {

/* Begin PBXBuildFile section */
		A50A46542548229E00E1F3DD /* RealmController.swift in Sources */ = {isa = PBXBuildFile; fileRef = A50A46532548229E00E1F3DD /* RealmController.swift */; };
		A50A465725486DA100E1F3DD /* ReadingHabitModel.swift in Sources */ = {isa = PBXBuildFile; fileRef = A50A465625486DA100E1F3DD /* ReadingHabitModel.swift */; };
		A51854372497ABC800983DB8 /* GoogleService-Info.plist in Resources */ = {isa = PBXBuildFile; fileRef = A51854362497ABC800983DB8 /* GoogleService-Info.plist */; };
		A51854392497DC6E00983DB8 /* WelcomeViewController.swift in Sources */ = {isa = PBXBuildFile; fileRef = A51854382497DC6E00983DB8 /* WelcomeViewController.swift */; };
		A518897B253471CD0017AA57 /* QuotesViewHeader.swift in Sources */ = {isa = PBXBuildFile; fileRef = A518897A253471CD0017AA57 /* QuotesViewHeader.swift */; };
		A518897E253471DF0017AA57 /* QuotesViewHeader.xib in Resources */ = {isa = PBXBuildFile; fileRef = A518897D253471DF0017AA57 /* QuotesViewHeader.xib */; };
		A5188983253762BB0017AA57 /* QuoteViewController.swift in Sources */ = {isa = PBXBuildFile; fileRef = A5188982253762BB0017AA57 /* QuoteViewController.swift */; };
		A52830A624C5BED200BED289 /* ReadingHabitsBrain.swift in Sources */ = {isa = PBXBuildFile; fileRef = A52830A524C5BED200BED289 /* ReadingHabitsBrain.swift */; };
		A52830AC24C5D3B700BED289 /* ReadingHabitsViewController.swift in Sources */ = {isa = PBXBuildFile; fileRef = A52830AB24C5D3B700BED289 /* ReadingHabitsViewController.swift */; };
		A53145852529CEE400AB66F7 /* UIColor.swift in Sources */ = {isa = PBXBuildFile; fileRef = A53145842529CEE400AB66F7 /* UIColor.swift */; };
		A53E2BDC241D063B0013152C /* AppDelegate.swift in Sources */ = {isa = PBXBuildFile; fileRef = A53E2BDB241D063B0013152C /* AppDelegate.swift */; };
		A53E2BDE241D063B0013152C /* SceneDelegate.swift in Sources */ = {isa = PBXBuildFile; fileRef = A53E2BDD241D063B0013152C /* SceneDelegate.swift */; };
		A53E2BE0241D063B0013152C /* BooksViewController.swift in Sources */ = {isa = PBXBuildFile; fileRef = A53E2BDF241D063B0013152C /* BooksViewController.swift */; };
		A53E2BE3241D063B0013152C /* Main.storyboard in Resources */ = {isa = PBXBuildFile; fileRef = A53E2BE1241D063B0013152C /* Main.storyboard */; };
		A53E2BE5241D063C0013152C /* Assets.xcassets in Resources */ = {isa = PBXBuildFile; fileRef = A53E2BE4241D063C0013152C /* Assets.xcassets */; };
		A53E2BE8241D063C0013152C /* LaunchScreen.storyboard in Resources */ = {isa = PBXBuildFile; fileRef = A53E2BE6241D063C0013152C /* LaunchScreen.storyboard */; };
		A53E2BF3241D07DA0013152C /* BookModel.swift in Sources */ = {isa = PBXBuildFile; fileRef = A53E2BF2241D07DA0013152C /* BookModel.swift */; };
		A53E2BF5241D08FF0013152C /* BooksBrain.swift in Sources */ = {isa = PBXBuildFile; fileRef = A53E2BF4241D08FF0013152C /* BooksBrain.swift */; };
		A55817722528C2C900906155 /* UIView.swift in Sources */ = {isa = PBXBuildFile; fileRef = A55817712528C2C900906155 /* UIView.swift */; };
		A56BF972251B586C000F5E29 /* ImageManager.swift in Sources */ = {isa = PBXBuildFile; fileRef = A56BF971251B586C000F5E29 /* ImageManager.swift */; };
		A577770D250B7E7A0044451D /* BooksViewHeader.swift in Sources */ = {isa = PBXBuildFile; fileRef = A577770B250B7E7A0044451D /* BooksViewHeader.swift */; };
		A577770E250B7E7A0044451D /* BooksViewHeader.xib in Resources */ = {isa = PBXBuildFile; fileRef = A577770C250B7E7A0044451D /* BooksViewHeader.xib */; };
		A57B865F253F250600DAC9F2 /* MonthCell.swift in Sources */ = {isa = PBXBuildFile; fileRef = A57B865D253F250600DAC9F2 /* MonthCell.swift */; };
		A57B8660253F250600DAC9F2 /* MonthCell.xib in Resources */ = {isa = PBXBuildFile; fileRef = A57B865E253F250600DAC9F2 /* MonthCell.xib */; };
		A58A1A6525137D7300A29444 /* ImagePicker.swift in Sources */ = {isa = PBXBuildFile; fileRef = A58A1A6425137D7300A29444 /* ImagePicker.swift */; };
		A58EB7D32541C2D900C0F91A /* Date.swift in Sources */ = {isa = PBXBuildFile; fileRef = A58EB7D22541C2D900C0F91A /* Date.swift */; };
		A5918624241D430400002A11 /* AddBookManuallyViewController.swift in Sources */ = {isa = PBXBuildFile; fileRef = A5918623241D430400002A11 /* AddBookManuallyViewController.swift */; };
		A59258A924BE20920066CACE /* BookCell.xib in Resources */ = {isa = PBXBuildFile; fileRef = A59258A824BE20920066CACE /* BookCell.xib */; };
		A59258AB24BE2C980066CACE /* BookCell.swift in Sources */ = {isa = PBXBuildFile; fileRef = A59258AA24BE2C980066CACE /* BookCell.swift */; };
		A599B80F24D0430D00163D1A /* UserProfileViewController.swift in Sources */ = {isa = PBXBuildFile; fileRef = A599B80E24D0430D00163D1A /* UserProfileViewController.swift */; };
		A599B81124D0491F00163D1A /* Utils.swift in Sources */ = {isa = PBXBuildFile; fileRef = A599B81024D0491F00163D1A /* Utils.swift */; };
		A599B82C24D3006300163D1A /* HorizontalProgressBar.swift in Sources */ = {isa = PBXBuildFile; fileRef = A599B82B24D3006300163D1A /* HorizontalProgressBar.swift */; };
		A599B82E24D3066F00163D1A /* CircularProgressBar.swift in Sources */ = {isa = PBXBuildFile; fileRef = A599B82D24D3066F00163D1A /* CircularProgressBar.swift */; };
		A5AD99CE2422995200E0A6D9 /* BookDetailsViewController.swift in Sources */ = {isa = PBXBuildFile; fileRef = A5AD99CD2422995200E0A6D9 /* BookDetailsViewController.swift */; };
		A5BF69D22530A056000A94A3 /* QuotesViewController.swift in Sources */ = {isa = PBXBuildFile; fileRef = A5BF69D12530A056000A94A3 /* QuotesViewController.swift */; };
		A5D2BB62252E416A0096F356 /* UIButton.swift in Sources */ = {isa = PBXBuildFile; fileRef = A5D2BB61252E416A0096F356 /* UIButton.swift */; };
		A5D917C82499568300452531 /* RegisterViewController.swift in Sources */ = {isa = PBXBuildFile; fileRef = A5D917C72499568300452531 /* RegisterViewController.swift */; };
		A5D917CA249957B900452531 /* Constants.swift in Sources */ = {isa = PBXBuildFile; fileRef = A5D917C9249957B900452531 /* Constants.swift */; };
		A5D917D02499594C00452531 /* LoginViewController.swift in Sources */ = {isa = PBXBuildFile; fileRef = A5D917CF2499594C00452531 /* LoginViewController.swift */; };
		A5E541E42543053600A51B09 /* screenshot7light.png in Resources */ = {isa = PBXBuildFile; fileRef = A5E541D02543052800A51B09 /* screenshot7light.png */; };
		A5E541E52543053600A51B09 /* screenshot5dark.png in Resources */ = {isa = PBXBuildFile; fileRef = A5E541D12543052900A51B09 /* screenshot5dark.png */; };
		A5E541E62543053600A51B09 /* screenshot5light.png in Resources */ = {isa = PBXBuildFile; fileRef = A5E541D22543052900A51B09 /* screenshot5light.png */; };
		A5E541E92543053600A51B09 /* screenshot2dark.png in Resources */ = {isa = PBXBuildFile; fileRef = A5E541D52543052C00A51B09 /* screenshot2dark.png */; };
		A5E541EA2543053600A51B09 /* screenshot8dark.png in Resources */ = {isa = PBXBuildFile; fileRef = A5E541D62543052C00A51B09 /* screenshot8dark.png */; };
		A5E541EB2543053600A51B09 /* screenshot8light.png in Resources */ = {isa = PBXBuildFile; fileRef = A5E541D72543052D00A51B09 /* screenshot8light.png */; };
		A5E541EC2543053600A51B09 /* screenshot3light.png in Resources */ = {isa = PBXBuildFile; fileRef = A5E541D82543052E00A51B09 /* screenshot3light.png */; };
		A5E541ED2543053600A51B09 /* screenshot1dark.png in Resources */ = {isa = PBXBuildFile; fileRef = A5E541D92543052F00A51B09 /* screenshot1dark.png */; };
		A5E541EE2543053600A51B09 /* screenshot6dark.png in Resources */ = {isa = PBXBuildFile; fileRef = A5E541DA2543052F00A51B09 /* screenshot6dark.png */; };
		A5E541EF2543053600A51B09 /* screenshot4dark.png in Resources */ = {isa = PBXBuildFile; fileRef = A5E541DB2543053000A51B09 /* screenshot4dark.png */; };
		A5E541F12543053600A51B09 /* screenshot6light.png in Resources */ = {isa = PBXBuildFile; fileRef = A5E541DD2543053200A51B09 /* screenshot6light.png */; };
		A5E541F22543053600A51B09 /* screenshot4light.png in Resources */ = {isa = PBXBuildFile; fileRef = A5E541DE2543053200A51B09 /* screenshot4light.png */; };
		A5E541F42543053600A51B09 /* screenshot1light.png in Resources */ = {isa = PBXBuildFile; fileRef = A5E541E02543053400A51B09 /* screenshot1light.png */; };
		A5E541F52543053600A51B09 /* screenshot2light.png in Resources */ = {isa = PBXBuildFile; fileRef = A5E541E12543053500A51B09 /* screenshot2light.png */; };
		A5E541F62543053600A51B09 /* screenshot3dark.png in Resources */ = {isa = PBXBuildFile; fileRef = A5E541E22543053500A51B09 /* screenshot3dark.png */; };
		A5E541F72543053600A51B09 /* screenshot7dark.png in Resources */ = {isa = PBXBuildFile; fileRef = A5E541E32543053600A51B09 /* screenshot7dark.png */; };
		A5EB58AF252F647B00D90E0A /* NotesViewController.swift in Sources */ = {isa = PBXBuildFile; fileRef = A5EB58AE252F647B00D90E0A /* NotesViewController.swift */; };
		A5EB58B3252F7E7500D90E0A /* UITextView.swift in Sources */ = {isa = PBXBuildFile; fileRef = A5EB58B2252F7E7500D90E0A /* UITextView.swift */; };
		A5EB58C1252F8A4200D90E0A /* QuoteCell.swift in Sources */ = {isa = PBXBuildFile; fileRef = A5EB58BF252F8A4200D90E0A /* QuoteCell.swift */; };
		A5EB58C2252F8A4200D90E0A /* QuoteCell.xib in Resources */ = {isa = PBXBuildFile; fileRef = A5EB58C0252F8A4200D90E0A /* QuoteCell.xib */; };
		CFBBDEFFBDCE1FA575A59847 /* Pods_Booker___Book_Tracker.framework in Frameworks */ = {isa = PBXBuildFile; fileRef = 226F733C91163B564FF2D06A /* Pods_Booker___Book_Tracker.framework */; };
/* End PBXBuildFile section */

/* Begin PBXFileReference section */
		226F733C91163B564FF2D06A /* Pods_Booker___Book_Tracker.framework */ = {isa = PBXFileReference; explicitFileType = wrapper.framework; includeInIndex = 0; path = "Pods_Booker___Book_Tracker.framework"; sourceTree = BUILT_PRODUCTS_DIR; };
		7EDD9C6E2469E0E6D40C3F19 /* Pods-Booker - Book Tracker.debug.xcconfig */ = {isa = PBXFileReference; includeInIndex = 1; lastKnownFileType = text.xcconfig; name = "Pods-Booker - Book Tracker.debug.xcconfig"; path = "Target Support Files/Pods-Booker - Book Tracker/Pods-Booker - Book Tracker.debug.xcconfig"; sourceTree = "<group>"; };
		7FD9B88971AF4A51305F1C2A /* Pods-Booker - Book Tracker.release.xcconfig */ = {isa = PBXFileReference; includeInIndex = 1; lastKnownFileType = text.xcconfig; name = "Pods-Booker - Book Tracker.release.xcconfig"; path = "Target Support Files/Pods-Booker - Book Tracker/Pods-Booker - Book Tracker.release.xcconfig"; sourceTree = "<group>"; };
		A50A46532548229E00E1F3DD /* RealmController.swift */ = {isa = PBXFileReference; lastKnownFileType = sourcecode.swift; path = RealmController.swift; sourceTree = "<group>"; };
		A50A465625486DA100E1F3DD /* ReadingHabitModel.swift */ = {isa = PBXFileReference; lastKnownFileType = sourcecode.swift; path = ReadingHabitModel.swift; sourceTree = "<group>"; };
		A51854362497ABC800983DB8 /* GoogleService-Info.plist */ = {isa = PBXFileReference; fileEncoding = 4; lastKnownFileType = text.plist.xml; path = "GoogleService-Info.plist"; sourceTree = "<group>"; };
		A51854382497DC6E00983DB8 /* WelcomeViewController.swift */ = {isa = PBXFileReference; lastKnownFileType = sourcecode.swift; path = WelcomeViewController.swift; sourceTree = "<group>"; };
		A518897A253471CD0017AA57 /* QuotesViewHeader.swift */ = {isa = PBXFileReference; lastKnownFileType = sourcecode.swift; path = QuotesViewHeader.swift; sourceTree = "<group>"; };
		A518897D253471DF0017AA57 /* QuotesViewHeader.xib */ = {isa = PBXFileReference; lastKnownFileType = file.xib; path = QuotesViewHeader.xib; sourceTree = "<group>"; };
		A5188982253762BB0017AA57 /* QuoteViewController.swift */ = {isa = PBXFileReference; lastKnownFileType = sourcecode.swift; path = QuoteViewController.swift; sourceTree = "<group>"; };
		A52830A524C5BED200BED289 /* ReadingHabitsBrain.swift */ = {isa = PBXFileReference; lastKnownFileType = sourcecode.swift; path = ReadingHabitsBrain.swift; sourceTree = "<group>"; };
		A52830AB24C5D3B700BED289 /* ReadingHabitsViewController.swift */ = {isa = PBXFileReference; fileEncoding = 4; lastKnownFileType = sourcecode.swift; path = ReadingHabitsViewController.swift; sourceTree = "<group>"; };
		A53145842529CEE400AB66F7 /* UIColor.swift */ = {isa = PBXFileReference; lastKnownFileType = sourcecode.swift; path = UIColor.swift; sourceTree = "<group>"; };
		A53E2BD8241D063B0013152C /* Booker - Book Tracker.app */ = {isa = PBXFileReference; explicitFileType = wrapper.application; includeInIndex = 0; path = "Booker - Book Tracker.app"; sourceTree = BUILT_PRODUCTS_DIR; };
		A53E2BDB241D063B0013152C /* AppDelegate.swift */ = {isa = PBXFileReference; lastKnownFileType = sourcecode.swift; path = AppDelegate.swift; sourceTree = "<group>"; };
		A53E2BDD241D063B0013152C /* SceneDelegate.swift */ = {isa = PBXFileReference; lastKnownFileType = sourcecode.swift; path = SceneDelegate.swift; sourceTree = "<group>"; };
		A53E2BDF241D063B0013152C /* BooksViewController.swift */ = {isa = PBXFileReference; lastKnownFileType = sourcecode.swift; path = BooksViewController.swift; sourceTree = "<group>"; };
		A53E2BE2241D063B0013152C /* Base */ = {isa = PBXFileReference; lastKnownFileType = file.storyboard; name = Base; path = Base.lproj/Main.storyboard; sourceTree = "<group>"; };
		A53E2BE4241D063C0013152C /* Assets.xcassets */ = {isa = PBXFileReference; lastKnownFileType = folder.assetcatalog; path = Assets.xcassets; sourceTree = "<group>"; };
		A53E2BE7241D063C0013152C /* Base */ = {isa = PBXFileReference; lastKnownFileType = file.storyboard; name = Base; path = Base.lproj/LaunchScreen.storyboard; sourceTree = "<group>"; };
		A53E2BE9241D063C0013152C /* Info.plist */ = {isa = PBXFileReference; lastKnownFileType = text.plist.xml; path = Info.plist; sourceTree = "<group>"; };
		A53E2BF2241D07DA0013152C /* BookModel.swift */ = {isa = PBXFileReference; lastKnownFileType = sourcecode.swift; path = BookModel.swift; sourceTree = "<group>"; };
		A53E2BF4241D08FF0013152C /* BooksBrain.swift */ = {isa = PBXFileReference; lastKnownFileType = sourcecode.swift; path = BooksBrain.swift; sourceTree = "<group>"; };
		A55817712528C2C900906155 /* UIView.swift */ = {isa = PBXFileReference; lastKnownFileType = sourcecode.swift; path = UIView.swift; sourceTree = "<group>"; };
		A56BF971251B586C000F5E29 /* ImageManager.swift */ = {isa = PBXFileReference; lastKnownFileType = sourcecode.swift; path = ImageManager.swift; sourceTree = "<group>"; };
		A577770B250B7E7A0044451D /* BooksViewHeader.swift */ = {isa = PBXFileReference; fileEncoding = 4; lastKnownFileType = sourcecode.swift; path = BooksViewHeader.swift; sourceTree = "<group>"; };
		A577770C250B7E7A0044451D /* BooksViewHeader.xib */ = {isa = PBXFileReference; fileEncoding = 4; lastKnownFileType = file.xib; path = BooksViewHeader.xib; sourceTree = "<group>"; };
		A57B865D253F250600DAC9F2 /* MonthCell.swift */ = {isa = PBXFileReference; lastKnownFileType = sourcecode.swift; path = MonthCell.swift; sourceTree = "<group>"; };
		A57B865E253F250600DAC9F2 /* MonthCell.xib */ = {isa = PBXFileReference; lastKnownFileType = file.xib; path = MonthCell.xib; sourceTree = "<group>"; };
		A58A1A6425137D7300A29444 /* ImagePicker.swift */ = {isa = PBXFileReference; lastKnownFileType = sourcecode.swift; path = ImagePicker.swift; sourceTree = "<group>"; };
		A58EB7D22541C2D900C0F91A /* Date.swift */ = {isa = PBXFileReference; lastKnownFileType = sourcecode.swift; path = Date.swift; sourceTree = "<group>"; };
		A5918623241D430400002A11 /* AddBookManuallyViewController.swift */ = {isa = PBXFileReference; lastKnownFileType = sourcecode.swift; path = AddBookManuallyViewController.swift; sourceTree = "<group>"; };
		A59258A824BE20920066CACE /* BookCell.xib */ = {isa = PBXFileReference; lastKnownFileType = file.xib; path = BookCell.xib; sourceTree = "<group>"; };
		A59258AA24BE2C980066CACE /* BookCell.swift */ = {isa = PBXFileReference; lastKnownFileType = sourcecode.swift; path = BookCell.swift; sourceTree = "<group>"; };
		A599B80E24D0430D00163D1A /* UserProfileViewController.swift */ = {isa = PBXFileReference; lastKnownFileType = sourcecode.swift; path = UserProfileViewController.swift; sourceTree = "<group>"; };
		A599B81024D0491F00163D1A /* Utils.swift */ = {isa = PBXFileReference; lastKnownFileType = sourcecode.swift; path = Utils.swift; sourceTree = "<group>"; };
		A599B82B24D3006300163D1A /* HorizontalProgressBar.swift */ = {isa = PBXFileReference; lastKnownFileType = sourcecode.swift; path = HorizontalProgressBar.swift; sourceTree = "<group>"; };
		A599B82D24D3066F00163D1A /* CircularProgressBar.swift */ = {isa = PBXFileReference; lastKnownFileType = sourcecode.swift; path = CircularProgressBar.swift; sourceTree = "<group>"; };
		A5AD99CD2422995200E0A6D9 /* BookDetailsViewController.swift */ = {isa = PBXFileReference; lastKnownFileType = sourcecode.swift; path = BookDetailsViewController.swift; sourceTree = "<group>"; };
		A5BF69D12530A056000A94A3 /* QuotesViewController.swift */ = {isa = PBXFileReference; lastKnownFileType = sourcecode.swift; path = QuotesViewController.swift; sourceTree = "<group>"; };
		A5D2BB61252E416A0096F356 /* UIButton.swift */ = {isa = PBXFileReference; lastKnownFileType = sourcecode.swift; path = UIButton.swift; sourceTree = "<group>"; };
		A5D917C72499568300452531 /* RegisterViewController.swift */ = {isa = PBXFileReference; lastKnownFileType = sourcecode.swift; path = RegisterViewController.swift; sourceTree = "<group>"; };
		A5D917C9249957B900452531 /* Constants.swift */ = {isa = PBXFileReference; lastKnownFileType = sourcecode.swift; path = Constants.swift; sourceTree = "<group>"; };
		A5D917CF2499594C00452531 /* LoginViewController.swift */ = {isa = PBXFileReference; lastKnownFileType = sourcecode.swift; path = LoginViewController.swift; sourceTree = "<group>"; };
		A5E541D02543052800A51B09 /* screenshot7light.png */ = {isa = PBXFileReference; lastKnownFileType = image.png; path = screenshot7light.png; sourceTree = "<group>"; };
		A5E541D12543052900A51B09 /* screenshot5dark.png */ = {isa = PBXFileReference; lastKnownFileType = image.png; path = screenshot5dark.png; sourceTree = "<group>"; };
		A5E541D22543052900A51B09 /* screenshot5light.png */ = {isa = PBXFileReference; lastKnownFileType = image.png; path = screenshot5light.png; sourceTree = "<group>"; };
		A5E541D52543052C00A51B09 /* screenshot2dark.png */ = {isa = PBXFileReference; lastKnownFileType = image.png; path = screenshot2dark.png; sourceTree = "<group>"; };
		A5E541D62543052C00A51B09 /* screenshot8dark.png */ = {isa = PBXFileReference; lastKnownFileType = image.png; path = screenshot8dark.png; sourceTree = "<group>"; };
		A5E541D72543052D00A51B09 /* screenshot8light.png */ = {isa = PBXFileReference; lastKnownFileType = image.png; path = screenshot8light.png; sourceTree = "<group>"; };
		A5E541D82543052E00A51B09 /* screenshot3light.png */ = {isa = PBXFileReference; lastKnownFileType = image.png; path = screenshot3light.png; sourceTree = "<group>"; };
		A5E541D92543052F00A51B09 /* screenshot1dark.png */ = {isa = PBXFileReference; lastKnownFileType = image.png; path = screenshot1dark.png; sourceTree = "<group>"; };
		A5E541DA2543052F00A51B09 /* screenshot6dark.png */ = {isa = PBXFileReference; lastKnownFileType = image.png; path = screenshot6dark.png; sourceTree = "<group>"; };
		A5E541DB2543053000A51B09 /* screenshot4dark.png */ = {isa = PBXFileReference; lastKnownFileType = image.png; path = screenshot4dark.png; sourceTree = "<group>"; };
		A5E541DD2543053200A51B09 /* screenshot6light.png */ = {isa = PBXFileReference; lastKnownFileType = image.png; path = screenshot6light.png; sourceTree = "<group>"; };
		A5E541DE2543053200A51B09 /* screenshot4light.png */ = {isa = PBXFileReference; lastKnownFileType = image.png; path = screenshot4light.png; sourceTree = "<group>"; };
		A5E541E02543053400A51B09 /* screenshot1light.png */ = {isa = PBXFileReference; lastKnownFileType = image.png; path = screenshot1light.png; sourceTree = "<group>"; };
		A5E541E12543053500A51B09 /* screenshot2light.png */ = {isa = PBXFileReference; lastKnownFileType = image.png; path = screenshot2light.png; sourceTree = "<group>"; };
		A5E541E22543053500A51B09 /* screenshot3dark.png */ = {isa = PBXFileReference; lastKnownFileType = image.png; path = screenshot3dark.png; sourceTree = "<group>"; };
		A5E541E32543053600A51B09 /* screenshot7dark.png */ = {isa = PBXFileReference; lastKnownFileType = image.png; path = screenshot7dark.png; sourceTree = "<group>"; };
		A5EB58AE252F647B00D90E0A /* NotesViewController.swift */ = {isa = PBXFileReference; lastKnownFileType = sourcecode.swift; path = NotesViewController.swift; sourceTree = "<group>"; };
		A5EB58B2252F7E7500D90E0A /* UITextView.swift */ = {isa = PBXFileReference; lastKnownFileType = sourcecode.swift; path = UITextView.swift; sourceTree = "<group>"; };
		A5EB58BF252F8A4200D90E0A /* QuoteCell.swift */ = {isa = PBXFileReference; lastKnownFileType = sourcecode.swift; path = QuoteCell.swift; sourceTree = "<group>"; };
		A5EB58C0252F8A4200D90E0A /* QuoteCell.xib */ = {isa = PBXFileReference; lastKnownFileType = file.xib; path = QuoteCell.xib; sourceTree = "<group>"; };
/* End PBXFileReference section */

/* Begin PBXFrameworksBuildPhase section */
		A53E2BD5241D063B0013152C /* Frameworks */ = {
			isa = PBXFrameworksBuildPhase;
			buildActionMask = 2147483647;
			files = (
				CFBBDEFFBDCE1FA575A59847 /* Pods_Booker___Book_Tracker.framework in Frameworks */,
			);
			runOnlyForDeploymentPostprocessing = 0;
		};
/* End PBXFrameworksBuildPhase section */

/* Begin PBXGroup section */
		A52830AD24C5DEED00BED289 /* docs */ = {
			isa = PBXGroup;
			children = (
				A52830AE24C5DEFB00BED289 /* screenshots */,
			);
			path = docs;
			sourceTree = "<group>";
		};
		A52830AE24C5DEFB00BED289 /* screenshots */ = {
			isa = PBXGroup;
			children = (
				A5E541E02543053400A51B09 /* screenshot1light.png */,
				A5E541D92543052F00A51B09 /* screenshot1dark.png */,
				A5E541E12543053500A51B09 /* screenshot2light.png */,
				A5E541D52543052C00A51B09 /* screenshot2dark.png */,
				A5E541D82543052E00A51B09 /* screenshot3light.png */,
				A5E541E22543053500A51B09 /* screenshot3dark.png */,
				A5E541DE2543053200A51B09 /* screenshot4light.png */,
				A5E541DB2543053000A51B09 /* screenshot4dark.png */,
				A5E541D22543052900A51B09 /* screenshot5light.png */,
				A5E541D12543052900A51B09 /* screenshot5dark.png */,
				A5E541DD2543053200A51B09 /* screenshot6light.png */,
				A5E541DA2543052F00A51B09 /* screenshot6dark.png */,
				A5E541D02543052800A51B09 /* screenshot7light.png */,
				A5E541E32543053600A51B09 /* screenshot7dark.png */,
				A5E541D72543052D00A51B09 /* screenshot8light.png */,
				A5E541D62543052C00A51B09 /* screenshot8dark.png */,
			);
			path = screenshots;
			sourceTree = "<group>";
		};
		A52830C724C9BF0B00BED289 /* Data */ = {
			isa = PBXGroup;
			children = (
				A56BF971251B586C000F5E29 /* ImageManager.swift */,
			);
			path = Data;
			sourceTree = "<group>";
		};
		A53E2BCF241D063B0013152C = {
			isa = PBXGroup;
			children = (
				A52830AD24C5DEED00BED289 /* docs */,
				A53E2BDA241D063B0013152C /* Booker - Book Tracker */,
				A53E2BD9241D063B0013152C /* Products */,
				C89D90A1F9B75410B9E3F6C1 /* Pods */,
				F638FFA3AACE93A0A5781F3E /* Frameworks */,
			);
			sourceTree = "<group>";
		};
		A53E2BD9241D063B0013152C /* Products */ = {
			isa = PBXGroup;
			children = (
				A53E2BD8241D063B0013152C /* Booker - Book Tracker.app */,
			);
			name = Products;
			sourceTree = "<group>";
		};
		A53E2BDA241D063B0013152C /* Booker - Book Tracker */ = {
			isa = PBXGroup;
			children = (
				A55817702528C29000906155 /* Extensions */,
				A52830C724C9BF0B00BED289 /* Data */,
				A53E2BF1241D071F0013152C /* Model */,
				A53E2BF0241D071C0013152C /* View */,
				A53E2BEF241D07190013152C /* Controller */,
				A53E2BDB241D063B0013152C /* AppDelegate.swift */,
				A53E2BDD241D063B0013152C /* SceneDelegate.swift */,
				A53E2BE4241D063C0013152C /* Assets.xcassets */,
				A53E2BE6241D063C0013152C /* LaunchScreen.storyboard */,
				A53E2BE9241D063C0013152C /* Info.plist */,
				A51854362497ABC800983DB8 /* GoogleService-Info.plist */,
				A5D917C9249957B900452531 /* Constants.swift */,
			);
			path = "Booker - Book Tracker";
			sourceTree = "<group>";
		};
		A53E2BEF241D07190013152C /* Controller */ = {
			isa = PBXGroup;
			children = (
				A5918623241D430400002A11 /* AddBookManuallyViewController.swift */,
				A53E2BDF241D063B0013152C /* BooksViewController.swift */,
				A5AD99CD2422995200E0A6D9 /* BookDetailsViewController.swift */,
				A58A1A6425137D7300A29444 /* ImagePicker.swift */,
				A5D917CF2499594C00452531 /* LoginViewController.swift */,
				A5EB58AE252F647B00D90E0A /* NotesViewController.swift */,
				A5188982253762BB0017AA57 /* QuoteViewController.swift */,
				A5BF69D12530A056000A94A3 /* QuotesViewController.swift */,
				A5D917C72499568300452531 /* RegisterViewController.swift */,
				A52830AB24C5D3B700BED289 /* ReadingHabitsViewController.swift */,
				A51854382497DC6E00983DB8 /* WelcomeViewController.swift */,
				A599B80E24D0430D00163D1A /* UserProfileViewController.swift */,
			);
			path = Controller;
			sourceTree = "<group>";
		};
		A53E2BF0241D071C0013152C /* View */ = {
			isa = PBXGroup;
			children = (
				A59258A824BE20920066CACE /* BookCell.xib */,
				A59258AA24BE2C980066CACE /* BookCell.swift */,
				A577770C250B7E7A0044451D /* BooksViewHeader.xib */,
				A577770B250B7E7A0044451D /* BooksViewHeader.swift */,
				A599B82D24D3066F00163D1A /* CircularProgressBar.swift */,
				A599B82B24D3006300163D1A /* HorizontalProgressBar.swift */,
				A53E2BE1241D063B0013152C /* Main.storyboard */,
				A57B865E253F250600DAC9F2 /* MonthCell.xib */,
				A57B865D253F250600DAC9F2 /* MonthCell.swift */,
				A5EB58C0252F8A4200D90E0A /* QuoteCell.xib */,
				A5EB58BF252F8A4200D90E0A /* QuoteCell.swift */,
				A518897D253471DF0017AA57 /* QuotesViewHeader.xib */,
				A518897A253471CD0017AA57 /* QuotesViewHeader.swift */,
			);
			path = View;
			sourceTree = "<group>";
		};
		A53E2BF1241D071F0013152C /* Model */ = {
			isa = PBXGroup;
			children = (
				A53E2BF4241D08FF0013152C /* BooksBrain.swift */,
				A53E2BF2241D07DA0013152C /* BookModel.swift */,
				A52830A524C5BED200BED289 /* ReadingHabitsBrain.swift */,
				A50A465625486DA100E1F3DD /* ReadingHabitModel.swift */,
				A50A46532548229E00E1F3DD /* RealmController.swift */,
				A599B81024D0491F00163D1A /* Utils.swift */,
			);
			path = Model;
			sourceTree = "<group>";
		};
		A55817702528C29000906155 /* Extensions */ = {
			isa = PBXGroup;
			children = (
				A58EB7D22541C2D900C0F91A /* Date.swift */,
				A5D2BB61252E416A0096F356 /* UIButton.swift */,
				A53145842529CEE400AB66F7 /* UIColor.swift */,
				A5EB58B2252F7E7500D90E0A /* UITextView.swift */,
				A55817712528C2C900906155 /* UIView.swift */,
			);
			path = Extensions;
			sourceTree = "<group>";
		};
		C89D90A1F9B75410B9E3F6C1 /* Pods */ = {
			isa = PBXGroup;
			children = (
				7EDD9C6E2469E0E6D40C3F19 /* Pods-Booker - Book Tracker.debug.xcconfig */,
				7FD9B88971AF4A51305F1C2A /* Pods-Booker - Book Tracker.release.xcconfig */,
			);
			path = Pods;
			sourceTree = "<group>";
		};
		F638FFA3AACE93A0A5781F3E /* Frameworks */ = {
			isa = PBXGroup;
			children = (
				226F733C91163B564FF2D06A /* Pods_Booker___Book_Tracker.framework */,
			);
			name = Frameworks;
			sourceTree = "<group>";
		};
/* End PBXGroup section */

/* Begin PBXNativeTarget section */
		A53E2BD7241D063B0013152C /* Booker - Book Tracker */ = {
			isa = PBXNativeTarget;
			buildConfigurationList = A53E2BEC241D063C0013152C /* Build configuration list for PBXNativeTarget "Booker - Book Tracker" */;
			buildPhases = (
				A474EABE3973C75103F0A471 /* [CP] Check Pods Manifest.lock */,
				A53E2BD4241D063B0013152C /* Sources */,
				A53E2BD5241D063B0013152C /* Frameworks */,
				A53E2BD6241D063B0013152C /* Resources */,
				27437637F9FB6C909DEEC554 /* [CP] Embed Pods Frameworks */,
			);
			buildRules = (
			);
			dependencies = (
			);
			name = "Booker - Book Tracker";
			productName = "Booker - Book Tracker";
			productReference = A53E2BD8241D063B0013152C /* Booker - Book Tracker.app */;
			productType = "com.apple.product-type.application";
		};
/* End PBXNativeTarget section */

/* Begin PBXProject section */
		A53E2BD0241D063B0013152C /* Project object */ = {
			isa = PBXProject;
			attributes = {
				LastSwiftUpdateCheck = 1130;
				LastUpgradeCheck = 1200;
				ORGANIZATIONNAME = "Dominik Drąg";
				TargetAttributes = {
					A53E2BD7241D063B0013152C = {
						CreatedOnToolsVersion = 11.3.1;
					};
				};
			};
			buildConfigurationList = A53E2BD3241D063B0013152C /* Build configuration list for PBXProject "Booker - Book Tracker" */;
			compatibilityVersion = "Xcode 12.0";
			developmentRegion = en;
			hasScannedForEncodings = 0;
			knownRegions = (
				en,
				Base,
			);
			mainGroup = A53E2BCF241D063B0013152C;
			productRefGroup = A53E2BD9241D063B0013152C /* Products */;
			projectDirPath = "";
			projectRoot = "";
			targets = (
				A53E2BD7241D063B0013152C /* Booker - Book Tracker */,
			);
		};
/* End PBXProject section */

/* Begin PBXResourcesBuildPhase section */
		A53E2BD6241D063B0013152C /* Resources */ = {
			isa = PBXResourcesBuildPhase;
			buildActionMask = 2147483647;
			files = (
				A5E541F52543053600A51B09 /* screenshot2light.png in Resources */,
				A5E541ED2543053600A51B09 /* screenshot1dark.png in Resources */,
				A5E541E42543053600A51B09 /* screenshot7light.png in Resources */,
				A5E541E52543053600A51B09 /* screenshot5dark.png in Resources */,
				A51854372497ABC800983DB8 /* GoogleService-Info.plist in Resources */,
				A518897E253471DF0017AA57 /* QuotesViewHeader.xib in Resources */,
				A5E541F42543053600A51B09 /* screenshot1light.png in Resources */,
				A5E541F62543053600A51B09 /* screenshot3dark.png in Resources */,
				A5E541E62543053600A51B09 /* screenshot5light.png in Resources */,
				A57B8660253F250600DAC9F2 /* MonthCell.xib in Resources */,
				A5E541F12543053600A51B09 /* screenshot6light.png in Resources */,
				A5E541EA2543053600A51B09 /* screenshot8dark.png in Resources */,
				A59258A924BE20920066CACE /* BookCell.xib in Resources */,
				A5EB58C2252F8A4200D90E0A /* QuoteCell.xib in Resources */,
				A53E2BE8241D063C0013152C /* LaunchScreen.storyboard in Resources */,
				A5E541EF2543053600A51B09 /* screenshot4dark.png in Resources */,
				A5E541E92543053600A51B09 /* screenshot2dark.png in Resources */,
				A53E2BE5241D063C0013152C /* Assets.xcassets in Resources */,
				A5E541EC2543053600A51B09 /* screenshot3light.png in Resources */,
				A5E541EB2543053600A51B09 /* screenshot8light.png in Resources */,
				A5E541F22543053600A51B09 /* screenshot4light.png in Resources */,
				A577770E250B7E7A0044451D /* BooksViewHeader.xib in Resources */,
				A5E541EE2543053600A51B09 /* screenshot6dark.png in Resources */,
				A5E541F72543053600A51B09 /* screenshot7dark.png in Resources */,
				A53E2BE3241D063B0013152C /* Main.storyboard in Resources */,
			);
			runOnlyForDeploymentPostprocessing = 0;
		};
/* End PBXResourcesBuildPhase section */

/* Begin PBXShellScriptBuildPhase section */
		27437637F9FB6C909DEEC554 /* [CP] Embed Pods Frameworks */ = {
			isa = PBXShellScriptBuildPhase;
			buildActionMask = 2147483647;
			files = (
			);
			inputFileListPaths = (
				"${PODS_ROOT}/Target Support Files/Pods-Booker - Book Tracker/Pods-Booker - Book Tracker-frameworks-${CONFIGURATION}-input-files.xcfilelist",
			);
			name = "[CP] Embed Pods Frameworks";
			outputFileListPaths = (
				"${PODS_ROOT}/Target Support Files/Pods-Booker - Book Tracker/Pods-Booker - Book Tracker-frameworks-${CONFIGURATION}-output-files.xcfilelist",
			);
			runOnlyForDeploymentPostprocessing = 0;
			shellPath = /bin/sh;
			shellScript = "\"${PODS_ROOT}/Target Support Files/Pods-Booker - Book Tracker/Pods-Booker - Book Tracker-frameworks.sh\"\n";
			showEnvVarsInLog = 0;
		};
		A474EABE3973C75103F0A471 /* [CP] Check Pods Manifest.lock */ = {
			isa = PBXShellScriptBuildPhase;
			buildActionMask = 2147483647;
			files = (
			);
			inputFileListPaths = (
			);
			inputPaths = (
				"${PODS_PODFILE_DIR_PATH}/Podfile.lock",
				"${PODS_ROOT}/Manifest.lock",
			);
			name = "[CP] Check Pods Manifest.lock";
			outputFileListPaths = (
			);
			outputPaths = (
				"$(DERIVED_FILE_DIR)/Pods-Booker - Book Tracker-checkManifestLockResult.txt",
			);
			runOnlyForDeploymentPostprocessing = 0;
			shellPath = /bin/sh;
			shellScript = "diff \"${PODS_PODFILE_DIR_PATH}/Podfile.lock\" \"${PODS_ROOT}/Manifest.lock\" > /dev/null\nif [ $? != 0 ] ; then\n    # print error to STDERR\n    echo \"error: The sandbox is not in sync with the Podfile.lock. Run 'pod install' or update your CocoaPods installation.\" >&2\n    exit 1\nfi\n# This output is used by Xcode 'outputs' to avoid re-running this script phase.\necho \"SUCCESS\" > \"${SCRIPT_OUTPUT_FILE_0}\"\n";
			showEnvVarsInLog = 0;
		};
/* End PBXShellScriptBuildPhase section */

/* Begin PBXSourcesBuildPhase section */
		A53E2BD4241D063B0013152C /* Sources */ = {
			isa = PBXSourcesBuildPhase;
			buildActionMask = 2147483647;
			files = (
				A518897B253471CD0017AA57 /* QuotesViewHeader.swift in Sources */,
				A5D2BB62252E416A0096F356 /* UIButton.swift in Sources */,
				A5D917D02499594C00452531 /* LoginViewController.swift in Sources */,
				A58EB7D32541C2D900C0F91A /* Date.swift in Sources */,
				A51854392497DC6E00983DB8 /* WelcomeViewController.swift in Sources */,
				A55817722528C2C900906155 /* UIView.swift in Sources */,
				A58A1A6525137D7300A29444 /* ImagePicker.swift in Sources */,
				A599B82E24D3066F00163D1A /* CircularProgressBar.swift in Sources */,
				A5D917CA249957B900452531 /* Constants.swift in Sources */,
				A5D917C82499568300452531 /* RegisterViewController.swift in Sources */,
				A5188983253762BB0017AA57 /* QuoteViewController.swift in Sources */,
				A599B80F24D0430D00163D1A /* UserProfileViewController.swift in Sources */,
				A599B82C24D3006300163D1A /* HorizontalProgressBar.swift in Sources */,
				A59258AB24BE2C980066CACE /* BookCell.swift in Sources */,
				A57B865F253F250600DAC9F2 /* MonthCell.swift in Sources */,
				A53145852529CEE400AB66F7 /* UIColor.swift in Sources */,
				A53E2BE0241D063B0013152C /* BooksViewController.swift in Sources */,
				A5BF69D22530A056000A94A3 /* QuotesViewController.swift in Sources */,
				A56BF972251B586C000F5E29 /* ImageManager.swift in Sources */,
				A577770D250B7E7A0044451D /* BooksViewHeader.swift in Sources */,
				A52830A624C5BED200BED289 /* ReadingHabitsBrain.swift in Sources */,
				A5AD99CE2422995200E0A6D9 /* BookDetailsViewController.swift in Sources */,
				A5918624241D430400002A11 /* AddBookManuallyViewController.swift in Sources */,
				A50A465725486DA100E1F3DD /* ReadingHabitModel.swift in Sources */,
				A599B81124D0491F00163D1A /* Utils.swift in Sources */,
				A5EB58B3252F7E7500D90E0A /* UITextView.swift in Sources */,
				A53E2BF5241D08FF0013152C /* BooksBrain.swift in Sources */,
				A5EB58C1252F8A4200D90E0A /* QuoteCell.swift in Sources */,
				A50A46542548229E00E1F3DD /* RealmController.swift in Sources */,
				A53E2BDC241D063B0013152C /* AppDelegate.swift in Sources */,
				A5EB58AF252F647B00D90E0A /* NotesViewController.swift in Sources */,
				A53E2BF3241D07DA0013152C /* BookModel.swift in Sources */,
				A53E2BDE241D063B0013152C /* SceneDelegate.swift in Sources */,
				A52830AC24C5D3B700BED289 /* ReadingHabitsViewController.swift in Sources */,
			);
			runOnlyForDeploymentPostprocessing = 0;
		};
/* End PBXSourcesBuildPhase section */

/* Begin PBXVariantGroup section */
		A53E2BE1241D063B0013152C /* Main.storyboard */ = {
			isa = PBXVariantGroup;
			children = (
				A53E2BE2241D063B0013152C /* Base */,
			);
			name = Main.storyboard;
			sourceTree = "<group>";
		};
		A53E2BE6241D063C0013152C /* LaunchScreen.storyboard */ = {
			isa = PBXVariantGroup;
			children = (
				A53E2BE7241D063C0013152C /* Base */,
			);
			name = LaunchScreen.storyboard;
			sourceTree = "<group>";
		};
/* End PBXVariantGroup section */

/* Begin XCBuildConfiguration section */
		A53E2BEA241D063C0013152C /* Debug */ = {
			isa = XCBuildConfiguration;
			buildSettings = {
				ALWAYS_SEARCH_USER_PATHS = NO;
				CLANG_ANALYZER_NONNULL = YES;
				CLANG_ANALYZER_NUMBER_OBJECT_CONVERSION = YES_AGGRESSIVE;
				CLANG_CXX_LANGUAGE_STANDARD = "gnu++14";
				CLANG_CXX_LIBRARY = "libc++";
				CLANG_ENABLE_MODULES = YES;
				CLANG_ENABLE_OBJC_ARC = YES;
				CLANG_ENABLE_OBJC_WEAK = YES;
				CLANG_WARN_BLOCK_CAPTURE_AUTORELEASING = YES;
				CLANG_WARN_BOOL_CONVERSION = YES;
				CLANG_WARN_COMMA = YES;
				CLANG_WARN_CONSTANT_CONVERSION = YES;
				CLANG_WARN_DEPRECATED_OBJC_IMPLEMENTATIONS = YES;
				CLANG_WARN_DIRECT_OBJC_ISA_USAGE = YES_ERROR;
				CLANG_WARN_DOCUMENTATION_COMMENTS = YES;
				CLANG_WARN_EMPTY_BODY = YES;
				CLANG_WARN_ENUM_CONVERSION = YES;
				CLANG_WARN_INFINITE_RECURSION = YES;
				CLANG_WARN_INT_CONVERSION = YES;
				CLANG_WARN_NON_LITERAL_NULL_CONVERSION = YES;
				CLANG_WARN_OBJC_IMPLICIT_RETAIN_SELF = YES;
				CLANG_WARN_OBJC_LITERAL_CONVERSION = YES;
				CLANG_WARN_OBJC_ROOT_CLASS = YES_ERROR;
				CLANG_WARN_QUOTED_INCLUDE_IN_FRAMEWORK_HEADER = YES;
				CLANG_WARN_RANGE_LOOP_ANALYSIS = YES;
				CLANG_WARN_STRICT_PROTOTYPES = YES;
				CLANG_WARN_SUSPICIOUS_MOVE = YES;
				CLANG_WARN_UNGUARDED_AVAILABILITY = YES_AGGRESSIVE;
				CLANG_WARN_UNREACHABLE_CODE = YES;
				CLANG_WARN__DUPLICATE_METHOD_MATCH = YES;
				COPY_PHASE_STRIP = NO;
				DEBUG_INFORMATION_FORMAT = dwarf;
				ENABLE_STRICT_OBJC_MSGSEND = YES;
				ENABLE_TESTABILITY = YES;
				GCC_C_LANGUAGE_STANDARD = gnu11;
				GCC_DYNAMIC_NO_PIC = NO;
				GCC_NO_COMMON_BLOCKS = YES;
				GCC_OPTIMIZATION_LEVEL = 0;
				GCC_PREPROCESSOR_DEFINITIONS = (
					"DEBUG=1",
					"$(inherited)",
				);
				GCC_WARN_64_TO_32_BIT_CONVERSION = YES;
				GCC_WARN_ABOUT_RETURN_TYPE = YES_ERROR;
				GCC_WARN_UNDECLARED_SELECTOR = YES;
				GCC_WARN_UNINITIALIZED_AUTOS = YES_AGGRESSIVE;
				GCC_WARN_UNUSED_FUNCTION = YES;
				GCC_WARN_UNUSED_VARIABLE = YES;
				IPHONEOS_DEPLOYMENT_TARGET = 14.0;
				MTL_ENABLE_DEBUG_INFO = INCLUDE_SOURCE;
				MTL_FAST_MATH = YES;
				ONLY_ACTIVE_ARCH = YES;
				SDKROOT = iphoneos;
				SWIFT_ACTIVE_COMPILATION_CONDITIONS = DEBUG;
				SWIFT_OPTIMIZATION_LEVEL = "-Onone";
			};
			name = Debug;
		};
		A53E2BEB241D063C0013152C /* Release */ = {
			isa = XCBuildConfiguration;
			buildSettings = {
				ALWAYS_SEARCH_USER_PATHS = NO;
				CLANG_ANALYZER_NONNULL = YES;
				CLANG_ANALYZER_NUMBER_OBJECT_CONVERSION = YES_AGGRESSIVE;
				CLANG_CXX_LANGUAGE_STANDARD = "gnu++14";
				CLANG_CXX_LIBRARY = "libc++";
				CLANG_ENABLE_MODULES = YES;
				CLANG_ENABLE_OBJC_ARC = YES;
				CLANG_ENABLE_OBJC_WEAK = YES;
				CLANG_WARN_BLOCK_CAPTURE_AUTORELEASING = YES;
				CLANG_WARN_BOOL_CONVERSION = YES;
				CLANG_WARN_COMMA = YES;
				CLANG_WARN_CONSTANT_CONVERSION = YES;
				CLANG_WARN_DEPRECATED_OBJC_IMPLEMENTATIONS = YES;
				CLANG_WARN_DIRECT_OBJC_ISA_USAGE = YES_ERROR;
				CLANG_WARN_DOCUMENTATION_COMMENTS = YES;
				CLANG_WARN_EMPTY_BODY = YES;
				CLANG_WARN_ENUM_CONVERSION = YES;
				CLANG_WARN_INFINITE_RECURSION = YES;
				CLANG_WARN_INT_CONVERSION = YES;
				CLANG_WARN_NON_LITERAL_NULL_CONVERSION = YES;
				CLANG_WARN_OBJC_IMPLICIT_RETAIN_SELF = YES;
				CLANG_WARN_OBJC_LITERAL_CONVERSION = YES;
				CLANG_WARN_OBJC_ROOT_CLASS = YES_ERROR;
				CLANG_WARN_QUOTED_INCLUDE_IN_FRAMEWORK_HEADER = YES;
				CLANG_WARN_RANGE_LOOP_ANALYSIS = YES;
				CLANG_WARN_STRICT_PROTOTYPES = YES;
				CLANG_WARN_SUSPICIOUS_MOVE = YES;
				CLANG_WARN_UNGUARDED_AVAILABILITY = YES_AGGRESSIVE;
				CLANG_WARN_UNREACHABLE_CODE = YES;
				CLANG_WARN__DUPLICATE_METHOD_MATCH = YES;
				COPY_PHASE_STRIP = NO;
				DEBUG_INFORMATION_FORMAT = "dwarf-with-dsym";
				ENABLE_NS_ASSERTIONS = NO;
				ENABLE_STRICT_OBJC_MSGSEND = YES;
				GCC_C_LANGUAGE_STANDARD = gnu11;
				GCC_NO_COMMON_BLOCKS = YES;
				GCC_WARN_64_TO_32_BIT_CONVERSION = YES;
				GCC_WARN_ABOUT_RETURN_TYPE = YES_ERROR;
				GCC_WARN_UNDECLARED_SELECTOR = YES;
				GCC_WARN_UNINITIALIZED_AUTOS = YES_AGGRESSIVE;
				GCC_WARN_UNUSED_FUNCTION = YES;
				GCC_WARN_UNUSED_VARIABLE = YES;
				IPHONEOS_DEPLOYMENT_TARGET = 14.0;
				MTL_ENABLE_DEBUG_INFO = NO;
				MTL_FAST_MATH = YES;
				SDKROOT = iphoneos;
				SWIFT_COMPILATION_MODE = wholemodule;
				SWIFT_OPTIMIZATION_LEVEL = "-O";
				VALIDATE_PRODUCT = YES;
			};
			name = Release;
		};
		A53E2BED241D063C0013152C /* Debug */ = {
			isa = XCBuildConfiguration;
			baseConfigurationReference = 7EDD9C6E2469E0E6D40C3F19 /* Pods-Booker - Book Tracker.debug.xcconfig */;
			buildSettings = {
				ASSETCATALOG_COMPILER_APPICON_NAME = AppIcon;
				CODE_SIGN_STYLE = Automatic;
				DEVELOPMENT_TEAM = 9R4SVD5FNH;
				INFOPLIST_FILE = "Booker - Book Tracker/Info.plist";
				IPHONEOS_DEPLOYMENT_TARGET = 14.0;
				LD_RUNPATH_SEARCH_PATHS = (
					"$(inherited)",
					"@executable_path/Frameworks",
				);
				PRODUCT_BUNDLE_IDENTIFIER = "co.dragdomi.Booker---Book-Tracker";
				PRODUCT_NAME = "$(TARGET_NAME)";
				SWIFT_VERSION = 5.0;
				TARGETED_DEVICE_FAMILY = 1;
			};
			name = Debug;
		};
		A53E2BEE241D063C0013152C /* Release */ = {
			isa = XCBuildConfiguration;
			baseConfigurationReference = 7FD9B88971AF4A51305F1C2A /* Pods-Booker - Book Tracker.release.xcconfig */;
			buildSettings = {
				ASSETCATALOG_COMPILER_APPICON_NAME = AppIcon;
				CODE_SIGN_STYLE = Automatic;
				DEVELOPMENT_TEAM = 9R4SVD5FNH;
				INFOPLIST_FILE = "Booker - Book Tracker/Info.plist";
				IPHONEOS_DEPLOYMENT_TARGET = 14.0;
				LD_RUNPATH_SEARCH_PATHS = (
					"$(inherited)",
					"@executable_path/Frameworks",
				);
				PRODUCT_BUNDLE_IDENTIFIER = "co.dragdomi.Booker---Book-Tracker";
				PRODUCT_NAME = "$(TARGET_NAME)";
				SWIFT_VERSION = 5.0;
				TARGETED_DEVICE_FAMILY = 1;
			};
			name = Release;
		};
/* End XCBuildConfiguration section */

/* Begin XCConfigurationList section */
		A53E2BD3241D063B0013152C /* Build configuration list for PBXProject "Booker - Book Tracker" */ = {
			isa = XCConfigurationList;
			buildConfigurations = (
				A53E2BEA241D063C0013152C /* Debug */,
				A53E2BEB241D063C0013152C /* Release */,
			);
			defaultConfigurationIsVisible = 0;
			defaultConfigurationName = Release;
		};
		A53E2BEC241D063C0013152C /* Build configuration list for PBXNativeTarget "Booker - Book Tracker" */ = {
			isa = XCConfigurationList;
			buildConfigurations = (
				A53E2BED241D063C0013152C /* Debug */,
				A53E2BEE241D063C0013152C /* Release */,
			);
			defaultConfigurationIsVisible = 0;
			defaultConfigurationName = Release;
		};
/* End XCConfigurationList section */
	};
	rootObject = A53E2BD0241D063B0013152C /* Project object */;
}
